
Microsoft Visual Studio Solution File, Format Version 12.00
# Visual Studio Version 16
VisualStudioVersion = 16.0.31005.135
MinimumVisualStudioVersion = 10.0.40219.1
Project("{FAE04EC0-301F-11D3-BF4B-00C04F79EFBC}") = "Game snake v 3", "Game snake v 3\Game snake v 3.csproj", "{BBAE21FA-008F-4F2C-A332-6440F19C9B3B}"
EndProject
Global
	GlobalSection(SolutionConfigurationPlatforms) = preSolution
		Debug|Any CPU = Debug|Any CPU
		Release|Any CPU = Release|Any CPU
	EndGlobalSection
	GlobalSection(ProjectConfigurationPlatforms) = postSolution
		{BBAE21FA-008F-4F2C-A332-6440F19C9B3B}.Debug|Any CPU.ActiveCfg = Debug|Any CPU
		{BBAE21FA-008F-4F2C-A332-6440F19C9B3B}.Debug|Any CPU.Build.0 = Debug|Any CPU
		{BBAE21FA-008F-4F2C-A332-6440F19C9B3B}.Release|Any CPU.ActiveCfg = Release|Any CPU
		{BBAE21FA-008F-4F2C-A332-6440F19C9B3B}.Release|Any CPU.Build.0 = Release|Any CPU
	EndGlobalSection
	GlobalSection(SolutionProperties) = preSolution
		HideSolutionNode = FALSE
	EndGlobalSection
	GlobalSection(ExtensibilityGlobals) = postSolution
		SolutionGuid = {3C0741F5-6285-4667-8D28-F0AC007AD311}
	EndGlobalSection
EndGlobal
